PODS:
  - Alamofire (4.8.2)
  - HandyJSON (5.0.0-beta.1)
  - Kingfisher (5.3.1)
  - MJRefresh (3.1.16)
  - Moya (13.0.0-beta.1):
    - Moya/Core (= 13.0.0-beta.1)
  - Moya/Core (13.0.0-beta.1):
    - Alamofire (~> 4.1)
    - Result (~> 4.1)
  - Result (4.1.0)
  - SnapKit (4.2.0)
  - SVProgressHUD (2.2.5)

DEPENDENCIES:
  - HandyJSON (= 5.0.0-beta.1)
  - Kingfisher (~> 5.3.1)
  - MJRefresh
  - Moya (~> 13.0.0-beta.1)
  - SnapKit
  - SVProgressHUD

SPEC REPOS:
  https://github.com/cocoapods/specs.git:
    - Alamofire
    - HandyJSON
    - Kingfisher
    - MJRefresh
    - Moya
    - Result
    - SnapKit
    - SVProgressHUD

SPEC CHECKSUMS:
  Alamofire: ae5c501addb7afdbb13687d7f2f722c78734c2d3
  HandyJSON: 582477127ab3ab65bd2e471815f1a7b846856978
  Kingfisher: d9e7e0b209b59b8f9873aa2f37654e81a7beea51
  MJRefresh: 7798e16e53a5ef7f332dd05b27664db4e29530fd
  Moya: c084dac5ea389eeac7c1059f0553d74197182d39
  Result: bd966fac789cc6c1563440b348ab2598cc24d5c7
  SnapKit: fe8a619752f3f27075cc9a90244d75c6c3f27e2a
  SVProgressHUD: 1428aafac632c1f86f62aa4243ec12008d7a51d6

PODFILE CHECKSUM: 03670b5e6f80d4a6753ed9195ee01e3e816fdb87

COCOAPODS: 1.6.1
